
Microsoft Visual Studio Solution File, Format Version 12.00
# Visual Studio 15
VisualStudioVersion = 15.0.28307.168
MinimumVisualStudioVersion = 10.0.40219.1
Project("{FAE04EC0-301F-11D3-BF4B-00C04F79EFBC}") = "ConsoleQuartz", "ConsoleQuartz.csproj", "{29FF0AE8-C7F9-475E-93E0-D69294F13B92}"
EndProject
Global
	GlobalSection(SolutionConfigurationPlatforms) = preSolution
		Debug|Any CPU = Debug|Any CPU
		Release|Any CPU = Release|Any CPU
	EndGlobalSection
	GlobalSection(ProjectConfigurationPlatforms) = postSolution
		{29FF0AE8-C7F9-475E-93E0-D69294F13B92}.Debug|Any CPU.ActiveCfg = Debug|Any CPU
		{29FF0AE8-C7F9-475E-93E0-D69294F13B92}.Debug|Any CPU.Build.0 = Debug|Any CPU
		{29FF0AE8-C7F9-475E-93E0-D69294F13B92}.Release|Any CPU.ActiveCfg = Release|Any CPU
		{29FF0AE8-C7F9-475E-93E0-D69294F13B92}.Release|Any CPU.Build.0 = Release|Any CPU
	EndGlobalSection
	GlobalSection(SolutionProperties) = preSolution
		HideSolutionNode = FALSE
	EndGlobalSection
	GlobalSection(ExtensibilityGlobals) = postSolution
		SolutionGuid = {6D75EED6-B813-4AE9-BC62-8FCB78354031}
	EndGlobalSection
EndGlobal
